
Microsoft Visual Studio Solution File, Format Version 12.00
# Visual Studio Version 17
VisualStudioVersion = 17.14.36301.6
MinimumVisualStudioVersion = 10.0.40219.1
Project("{FAE04EC0-301F-11D3-BF4B-00C04F79EFBC}") = "DummyClient", "DummyClient\DummyClient.csproj", "{830DBBD6-8755-51EC-8499-0F174CB18CB1}"
EndProject
Project("{FAE04EC0-301F-11D3-BF4B-00C04F79EFBC}") = "Server", "Server\Server.csproj", "{3461765F-60A1-21BC-764E-FC799869FE2F}"
EndProject
Project("{FAE04EC0-301F-11D3-BF4B-00C04F79EFBC}") = "ServerCore", "ServerCore\ServerCore.csproj", "{3CDDDA56-A1DF-640F-BEEC-06EF87DF0B96}"
EndProject
Global
	GlobalSection(SolutionConfigurationPlatforms) = preSolution
		Debug|Any CPU = Debug|Any CPU
		Release|Any CPU = Release|Any CPU
	EndGlobalSection
	GlobalSection(ProjectConfigurationPlatforms) = postSolution
		{830DBBD6-8755-51EC-8499-0F174CB18CB1}.Debug|Any CPU.ActiveCfg = Debug|Any CPU
		{830DBBD6-8755-51EC-8499-0F174CB18CB1}.Debug|Any CPU.Build.0 = Debug|Any CPU
		{830DBBD6-8755-51EC-8499-0F174CB18CB1}.Release|Any CPU.ActiveCfg = Release|Any CPU
		{830DBBD6-8755-51EC-8499-0F174CB18CB1}.Release|Any CPU.Build.0 = Release|Any CPU
		{3461765F-60A1-21BC-764E-FC799869FE2F}.Debug|Any CPU.ActiveCfg = Debug|Any CPU
		{3461765F-60A1-21BC-764E-FC799869FE2F}.Debug|Any CPU.Build.0 = Debug|Any CPU
		{3461765F-60A1-21BC-764E-FC799869FE2F}.Release|Any CPU.ActiveCfg = Release|Any CPU
		{3461765F-60A1-21BC-764E-FC799869FE2F}.Release|Any CPU.Build.0 = Release|Any CPU
		{3CDDDA56-A1DF-640F-BEEC-06EF87DF0B96}.Debug|Any CPU.ActiveCfg = Debug|Any CPU
		{3CDDDA56-A1DF-640F-BEEC-06EF87DF0B96}.Debug|Any CPU.Build.0 = Debug|Any CPU
		{3CDDDA56-A1DF-640F-BEEC-06EF87DF0B96}.Release|Any CPU.ActiveCfg = Release|Any CPU
		{3CDDDA56-A1DF-640F-BEEC-06EF87DF0B96}.Release|Any CPU.Build.0 = Release|Any CPU
	EndGlobalSection
	GlobalSection(SolutionProperties) = preSolution
		HideSolutionNode = FALSE
	EndGlobalSection
	GlobalSection(ExtensibilityGlobals) = postSolution
		SolutionGuid = {A0584E9F-D268-46C1-9E2F-5549BC82B6F9}
	EndGlobalSection
EndGlobal
